
Microsoft Visual Studio Solution File, Format Version 12.00
# Visual Studio Version 16
VisualStudioVersion = 16.0.31613.86
MinimumVisualStudioVersion = 10.0.40219.1
Project("{FAE04EC0-301F-11D3-BF4B-00C04F79EFBC}") = "FirstConsoleApp_005", "FirstConsoleApp_005\FirstConsoleApp_005.csproj", "{06FFF2BB-F5AA-4FBA-A150-50D3082CF477}"
EndProject
Global
	GlobalSection(SolutionConfigurationPlatforms) = preSolution
		Debug|Any CPU = Debug|Any CPU
		Release|Any CPU = Release|Any CPU
	EndGlobalSection
	GlobalSection(ProjectConfigurationPlatforms) = postSolution
		{06FFF2BB-F5AA-4FBA-A150-50D3082CF477}.Debug|Any CPU.ActiveCfg = Debug|Any CPU
		{06FFF2BB-F5AA-4FBA-A150-50D3082CF477}.Debug|Any CPU.Build.0 = Debug|Any CPU
		{06FFF2BB-F5AA-4FBA-A150-50D3082CF477}.Release|Any CPU.ActiveCfg = Release|Any CPU
		{06FFF2BB-F5AA-4FBA-A150-50D3082CF477}.Release|Any CPU.Build.0 = Release|Any CPU
	EndGlobalSection
	GlobalSection(SolutionProperties) = preSolution
		HideSolutionNode = FALSE
	EndGlobalSection
	GlobalSection(ExtensibilityGlobals) = postSolution
		SolutionGuid = {BB113AA0-E935-4C82-8676-EF691A44DD59}
	EndGlobalSection
EndGlobal
